
Microsoft Visual Studio Solution File, Format Version 12.00
# Visual Studio Version 17
VisualStudioVersion = 17.5.002.0
MinimumVisualStudioVersion = 10.0.40219.1
Project("{9A19103F-16F7-4668-BE54-9A1E7A4F7556}") = "Asinkron4", "Asinkron4.csproj", "{B5D79650-7828-42B3-9C91-FF2B0B825886}"
EndProject
Global
	GlobalSection(SolutionConfigurationPlatforms) = preSolution
		Debug|Any CPU = Debug|Any CPU
		Release|Any CPU = Release|Any CPU
	EndGlobalSection
	GlobalSection(ProjectConfigurationPlatforms) = postSolution
		{B5D79650-7828-42B3-9C91-FF2B0B825886}.Debug|Any CPU.ActiveCfg = Debug|Any CPU
		{B5D79650-7828-42B3-9C91-FF2B0B825886}.Debug|Any CPU.Build.0 = Debug|Any CPU
		{B5D79650-7828-42B3-9C91-FF2B0B825886}.Release|Any CPU.ActiveCfg = Release|Any CPU
		{B5D79650-7828-42B3-9C91-FF2B0B825886}.Release|Any CPU.Build.0 = Release|Any CPU
	EndGlobalSection
	GlobalSection(SolutionProperties) = preSolution
		HideSolutionNode = FALSE
	EndGlobalSection
	GlobalSection(ExtensibilityGlobals) = postSolution
		SolutionGuid = {CEED0F94-1242-446B-9977-0B507F07EFCA}
	EndGlobalSection
EndGlobal
